
Microsoft Visual Studio Solution File, Format Version 12.00
# Visual Studio 15
VisualStudioVersion = 15.0.28307.1169
MinimumVisualStudioVersion = 10.0.40219.1
Project("{F184B08F-C81C-45F6-A57F-5ABD9991F28F}") = "Capa Gestion", "Capa Gestion\Capa Gestion.vbproj", "{09CAEEED-07E9-4A26-88B2-FE92A086C060}"
EndProject
Project("{F184B08F-C81C-45F6-A57F-5ABD9991F28F}") = "Capa Fisica", "Capa Fisica\Capa Fisica.vbproj", "{545A9E14-1ABF-43E8-B8F2-C09FAC099699}"
EndProject
Project("{F184B08F-C81C-45F6-A57F-5ABD9991F28F}") = "Capa Logica", "Capa Logica\Capa Logica.vbproj", "{3BC8757B-1568-46DB-97A1-17D93317FDE7}"
EndProject
Project("{F184B08F-C81C-45F6-A57F-5ABD9991F28F}") = "CapaPaciente", "CapaPaciente\CapaPaciente.vbproj", "{5ABED6A3-FB30-4400-96AA-F776CD22CAA0}"
EndProject
Project("{F184B08F-C81C-45F6-A57F-5ABD9991F28F}") = "CapaMedico", "CapaMedico\CapaMedico.vbproj", "{936E1C96-F351-4D06-806C-476A529F488A}"
EndProject
Project("{F184B08F-C81C-45F6-A57F-5ABD9991F28F}") = "PruebasUnitarias", "UnitTestProject1\PruebasUnitarias.vbproj", "{304D6136-811A-4C29-98E8-5046C5B277F6}"
EndProject
Global
	GlobalSection(SolutionConfigurationPlatforms) = preSolution
		Debug|Any CPU = Debug|Any CPU
		Release|Any CPU = Release|Any CPU
	EndGlobalSection
	GlobalSection(ProjectConfigurationPlatforms) = postSolution
		{09CAEEED-07E9-4A26-88B2-FE92A086C060}.Debug|Any CPU.ActiveCfg = Debug|Any CPU
		{09CAEEED-07E9-4A26-88B2-FE92A086C060}.Debug|Any CPU.Build.0 = Debug|Any CPU
		{09CAEEED-07E9-4A26-88B2-FE92A086C060}.Release|Any CPU.ActiveCfg = Release|Any CPU
		{09CAEEED-07E9-4A26-88B2-FE92A086C060}.Release|Any CPU.Build.0 = Release|Any CPU
		{545A9E14-1ABF-43E8-B8F2-C09FAC099699}.Debug|Any CPU.ActiveCfg = Debug|Any CPU
		{545A9E14-1ABF-43E8-B8F2-C09FAC099699}.Debug|Any CPU.Build.0 = Debug|Any CPU
		{545A9E14-1ABF-43E8-B8F2-C09FAC099699}.Release|Any CPU.ActiveCfg = Release|Any CPU
		{545A9E14-1ABF-43E8-B8F2-C09FAC099699}.Release|Any CPU.Build.0 = Release|Any CPU
		{3BC8757B-1568-46DB-97A1-17D93317FDE7}.Debug|Any CPU.ActiveCfg = Debug|Any CPU
		{3BC8757B-1568-46DB-97A1-17D93317FDE7}.Debug|Any CPU.Build.0 = Debug|Any CPU
		{3BC8757B-1568-46DB-97A1-17D93317FDE7}.Release|Any CPU.ActiveCfg = Release|Any CPU
		{3BC8757B-1568-46DB-97A1-17D93317FDE7}.Release|Any CPU.Build.0 = Release|Any CPU
		{5ABED6A3-FB30-4400-96AA-F776CD22CAA0}.Debug|Any CPU.ActiveCfg = Debug|Any CPU
		{5ABED6A3-FB30-4400-96AA-F776CD22CAA0}.Debug|Any CPU.Build.0 = Debug|Any CPU
		{5ABED6A3-FB30-4400-96AA-F776CD22CAA0}.Release|Any CPU.ActiveCfg = Release|Any CPU
		{5ABED6A3-FB30-4400-96AA-F776CD22CAA0}.Release|Any CPU.Build.0 = Release|Any CPU
		{936E1C96-F351-4D06-806C-476A529F488A}.Debug|Any CPU.ActiveCfg = Debug|Any CPU
		{936E1C96-F351-4D06-806C-476A529F488A}.Debug|Any CPU.Build.0 = Debug|Any CPU
		{936E1C96-F351-4D06-806C-476A529F488A}.Release|Any CPU.ActiveCfg = Release|Any CPU
		{936E1C96-F351-4D06-806C-476A529F488A}.Release|Any CPU.Build.0 = Release|Any CPU
		{304D6136-811A-4C29-98E8-5046C5B277F6}.Debug|Any CPU.ActiveCfg = Debug|Any CPU
		{304D6136-811A-4C29-98E8-5046C5B277F6}.Debug|Any CPU.Build.0 = Debug|Any CPU
		{304D6136-811A-4C29-98E8-5046C5B277F6}.Release|Any CPU.ActiveCfg = Release|Any CPU
		{304D6136-811A-4C29-98E8-5046C5B277F6}.Release|Any CPU.Build.0 = Release|Any CPU
	EndGlobalSection
	GlobalSection(SolutionProperties) = preSolution
		HideSolutionNode = FALSE
	EndGlobalSection
	GlobalSection(ExtensibilityGlobals) = postSolution
		SolutionGuid = {A17B3342-C72A-41FF-BADF-E0EC6C328023}
	EndGlobalSection
EndGlobal
